
Microsoft Visual Studio Solution File, Format Version 12.00
# Visual Studio 14
VisualStudioVersion = 14.0.25123.0
MinimumVisualStudioVersion = 10.0.40219.1
Project("{FAE04EC0-301F-11D3-BF4B-00C04F79EFBC}") = "RotteHullet", "RotteHullet\RotteHullet.csproj", "{C83ABC0B-0EBE-4DA0-BA43-15654D0EA4C0}"
EndProject
Project("{FAE04EC0-301F-11D3-BF4B-00C04F79EFBC}") = "Unit Testing Sprint 1", "Unit Testing Sprint 1\Unit Testing Sprint 1.csproj", "{D07930B1-28F1-4942-9E07-F6FC15A397A7}"
EndProject
Global
	GlobalSection(SolutionConfigurationPlatforms) = preSolution
		Debug|Any CPU = Debug|Any CPU
		Release|Any CPU = Release|Any CPU
	EndGlobalSection
	GlobalSection(ProjectConfigurationPlatforms) = postSolution
		{C83ABC0B-0EBE-4DA0-BA43-15654D0EA4C0}.Debug|Any CPU.ActiveCfg = Debug|Any CPU
		{C83ABC0B-0EBE-4DA0-BA43-15654D0EA4C0}.Debug|Any CPU.Build.0 = Debug|Any CPU
		{C83ABC0B-0EBE-4DA0-BA43-15654D0EA4C0}.Release|Any CPU.ActiveCfg = Release|Any CPU
		{C83ABC0B-0EBE-4DA0-BA43-15654D0EA4C0}.Release|Any CPU.Build.0 = Release|Any CPU
		{D07930B1-28F1-4942-9E07-F6FC15A397A7}.Debug|Any CPU.ActiveCfg = Debug|Any CPU
		{D07930B1-28F1-4942-9E07-F6FC15A397A7}.Debug|Any CPU.Build.0 = Debug|Any CPU
		{D07930B1-28F1-4942-9E07-F6FC15A397A7}.Release|Any CPU.ActiveCfg = Release|Any CPU
		{D07930B1-28F1-4942-9E07-F6FC15A397A7}.Release|Any CPU.Build.0 = Release|Any CPU
	EndGlobalSection
	GlobalSection(SolutionProperties) = preSolution
		HideSolutionNode = FALSE
	EndGlobalSection
EndGlobal
